Microsoft Visual Studio Solution File, Format Version 12.00
# Visual Studio Version 17
VisualStudioVersion = 17.0.31903.59
MinimumVisualStudioVersion = 10.0.40219.1
Project("{FAE04EC0-301F-11D3-BF4B-00C04F79EFBC}") = "ABHive", "src\ABHive\ABHive.csproj", "{030CB7FD-B499-4967-B8E7-B68D1CF3D99F}"
EndProject
Project("{FAE04EC0-301F-11D3-BF4B-00C04F79EFBC}") = "ABHive.Web", "src\ABHive.Web\ABHive.Web.csproj", "{B2C3D4E5-F6A7-8901-BCDE-F12345678901}"
EndProject
Project("{FAE04EC0-301F-11D3-BF4B-00C04F79EFBC}") = "ABHive.IntegrationTests", "src\ABHive.IntegrationTests\ABHive.IntegrationTests.csproj", "{BB9BB6E5-EFC2-4F58-A83E-563A129DAF02}"
EndProject
Project("{FAE04EC0-301F-11D3-BF4B-00C04F79EFBC}") = "ABHive.Tests", "src\ABHive.Tests\ABHive.Tests.csproj", "{C04A0912-4B1B-4854-820C-79C080B61B32}"
EndProject
Global
	GlobalSection(SolutionConfigurationPlatforms) = preSolution
		Debug|Any CPU = Debug|Any CPU
		Release|Any CPU = Release|Any CPU
	EndGlobalSection
	GlobalSection(ProjectConfigurationPlatforms) = postSolution
		{030CB7FD-B499-4967-B8E7-B68D1CF3D99F}.Debug|Any CPU.ActiveCfg = Debug|Any CPU
		{030CB7FD-B499-4967-B8E7-B68D1CF3D99F}.Debug|Any CPU.Build.0 = Debug|Any CPU
		{030CB7FD-B499-4967-B8E7-B68D1CF3D99F}.Release|Any CPU.ActiveCfg = Release|Any CPU
		{030CB7FD-B499-4967-B8E7-B68D1CF3D99F}.Release|Any CPU.Build.0 = Release|Any CPU
		{B2C3D4E5-F6A7-8901-BCDE-F12345678901}.Debug|Any CPU.ActiveCfg = Debug|Any CPU
		{B2C3D4E5-F6A7-8901-BCDE-F12345678901}.Debug|Any CPU.Build.0 = Debug|Any CPU
		{B2C3D4E5-F6A7-8901-BCDE-F12345678901}.Release|Any CPU.ActiveCfg = Release|Any CPU
		{B2C3D4E5-F6A7-8901-BCDE-F12345678901}.Release|Any CPU.Build.0 = Release|Any CPU
		{BB9BB6E5-EFC2-4F58-A83E-563A129DAF02}.Debug|Any CPU.ActiveCfg = Debug|Any CPU
		{BB9BB6E5-EFC2-4F58-A83E-563A129DAF02}.Debug|Any CPU.Build.0 = Debug|Any CPU
		{BB9BB6E5-EFC2-4F58-A83E-563A129DAF02}.Release|Any CPU.ActiveCfg = Release|Any CPU
		{BB9BB6E5-EFC2-4F58-A83E-563A129DAF02}.Release|Any CPU.Build.0 = Release|Any CPU
		{C04A0912-4B1B-4854-820C-79C080B61B32}.Debug|Any CPU.ActiveCfg = Debug|Any CPU
		{C04A0912-4B1B-4854-820C-79C080B61B32}.Debug|Any CPU.Build.0 = Debug|Any CPU
		{C04A0912-4B1B-4854-820C-79C080B61B32}.Release|Any CPU.ActiveCfg = Release|Any CPU
		{C04A0912-4B1B-4854-820C-79C080B61B32}.Release|Any CPU.Build.0 = Release|Any CPU
	EndGlobalSection
EndGlobal
